// !$*UTF8*$!
{
	archiveVersion = 1;
	classes = {
	};
	objectVersion = 48;
	objects = {

/* Begin PBXBuildFile section */
		3A0F8BC4201B06DE0009D53C /* AppDelegate.swift in Sources */ = {isa = PBXBuildFile; fileRef = 3A0F8BC3201B06DE0009D53C /* AppDelegate.swift */; };
		3A0F8BC6201B06DE0009D53C /* ViewController.swift in Sources */ = {isa = PBXBuildFile; fileRef = 3A0F8BC5201B06DE0009D53C /* ViewController.swift */; };
		3A0F8BC9201B06DE0009D53C /* Main.storyboard in Resources */ = {isa = PBXBuildFile; fileRef = 3A0F8BC7201B06DE0009D53C /* Main.storyboard */; };
		3A0F8BCB201B06DE0009D53C /* Assets.xcassets in Resources */ = {isa = PBXBuildFile; fileRef = 3A0F8BCA201B06DE0009D53C /* Assets.xcassets */; };
		3A0F8BCE201B06DE0009D53C /* LaunchScreen.storyboard in Resources */ = {isa = PBXBuildFile; fileRef = 3A0F8BCC201B06DE0009D53C /* LaunchScreen.storyboard */; };
		3A0F8BD9201B06DE0009D53C /* LuminaryTests.swift in Sources */ = {isa = PBXBuildFile; fileRef = 3A0F8BD8201B06DE0009D53C /* LuminaryTests.swift */; };
		3A0F8BE4201B06DE0009D53C /* LuminaryUITests.swift in Sources */ = {isa = PBXBuildFile; fileRef = 3A0F8BE3201B06DE0009D53C /* LuminaryUITests.swift */; };
		3A1FDEC3202687700020B33C /* TableCell.swift in Sources */ = {isa = PBXBuildFile; fileRef = 3A1FDEC2202687700020B33C /* TableCell.swift */; };
		3A8B7904202038F000C34E6C /* LineCardViewController.swift in Sources */ = {isa = PBXBuildFile; fileRef = 3A8B7903202038F000C34E6C /* LineCardViewController.swift */; };
/* End PBXBuildFile section */

/* Begin PBXContainerItemProxy section */
		3A0F8BD5201B06DE0009D53C /* PBXContainerItemProxy */ = {
			isa = PBXContainerItemProxy;
			containerPortal = 3A0F8BB8201B06DD0009D53C /* Project object */;
			proxyType = 1;
			remoteGlobalIDString = 3A0F8BBF201B06DE0009D53C;
			remoteInfo = Luminary;
		};
		3A0F8BE0201B06DE0009D53C /* PBXContainerItemProxy */ = {
			isa = PBXContainerItemProxy;
			containerPortal = 3A0F8BB8201B06DD0009D53C /* Project object */;
			proxyType = 1;
			remoteGlobalIDString = 3A0F8BBF201B06DE0009D53C;
			remoteInfo = Luminary;
		};
/* End PBXContainerItemProxy section */

/* Begin PBXFileReference section */
		3A0F8BC0201B06DE0009D53C /* Luminary.app */ = {isa = PBXFileReference; explicitFileType = wrapper.application; includeInIndex = 0; path = Luminary.app; sourceTree = BUILT_PRODUCTS_DIR; };
		3A0F8BC3201B06DE0009D53C /* AppDelegate.swift */ = {isa = PBXFileReference; lastKnownFileType = sourcecode.swift; path = AppDelegate.swift; sourceTree = "<group>"; };
		3A0F8BC5201B06DE0009D53C /* ViewController.swift */ = {isa = PBXFileReference; lastKnownFileType = sourcecode.swift; path = ViewController.swift; sourceTree = "<group>"; };
		3A0F8BC8201B06DE0009D53C /* Base */ = {isa = PBXFileReference; lastKnownFileType = file.storyboard; name = Base; path = Base.lproj/Main.storyboard; sourceTree = "<group>"; };
		3A0F8BCA201B06DE0009D53C /* Assets.xcassets */ = {isa = PBXFileReference; lastKnownFileType = folder.assetcatalog; path = Assets.xcassets; sourceTree = "<group>"; };
		3A0F8BCD201B06DE0009D53C /* Base */ = {isa = PBXFileReference; lastKnownFileType = file.storyboard; name = Base; path = Base.lproj/LaunchScreen.storyboard; sourceTree = "<group>"; };
		3A0F8BCF201B06DE0009D53C /* Info.plist */ = {isa = PBXFileReference; lastKnownFileType = text.plist.xml; path = Info.plist; sourceTree = "<group>"; };
		3A0F8BD4201B06DE0009D53C /* LuminaryTests.xctest */ = {isa = PBXFileReference; explicitFileType = wrapper.cfbundle; includeInIndex = 0; path = LuminaryTests.xctest; sourceTree = BUILT_PRODUCTS_DIR; };
		3A0F8BD8201B06DE0009D53C /* LuminaryTests.swift */ = {isa = PBXFileReference; lastKnownFileType = sourcecode.swift; path = LuminaryTests.swift; sourceTree = "<group>"; };
		3A0F8BDA201B06DE0009D53C /* Info.plist */ = {isa = PBXFileReference; lastKnownFileType = text.plist.xml; path = Info.plist; sourceTree = "<group>"; };
		3A0F8BDF201B06DE0009D53C /* LuminaryUITests.xctest */ = {isa = PBXFileReference; explicitFileType = wrapper.cfbundle; includeInIndex = 0; path = LuminaryUITests.xctest; sourceTree = BUILT_PRODUCTS_DIR; };
		3A0F8BE3201B06DE0009D53C /* LuminaryUITests.swift */ = {isa = PBXFileReference; lastKnownFileType = sourcecode.swift; path = LuminaryUITests.swift; sourceTree = "<group>"; };
		3A0F8BE5201B06DE0009D53C /* Info.plist */ = {isa = PBXFileReference; lastKnownFileType = text.plist.xml; path = Info.plist; sourceTree = "<group>"; };
		3A1FDEC2202687700020B33C /* TableCell.swift */ = {isa = PBXFileReference; lastKnownFileType = sourcecode.swift; path = TableCell.swift; sourceTree = "<group>"; };
		3A8B7903202038F000C34E6C /* LineCardViewController.swift */ = {isa = PBXFileReference; lastKnownFileType = sourcecode.swift; path = LineCardViewController.swift; sourceTree = "<group>"; };
/* End PBXFileReference section */

/* Begin PBXFrameworksBuildPhase section */
		3A0F8BBD201B06DE0009D53C /* Frameworks */ = {
			isa = PBXFrameworksBuildPhase;
			buildActionMask = 2147483647;
			files = (
			);
			runOnlyForDeploymentPostprocessing = 0;
		};
		3A0F8BD1201B06DE0009D53C /* Frameworks */ = {
			isa = PBXFrameworksBuildPhase;
			buildActionMask = 2147483647;
			files = (
			);
			runOnlyForDeploymentPostprocessing = 0;
		};
		3A0F8BDC201B06DE0009D53C /* Frameworks */ = {
			isa = PBXFrameworksBuildPhase;
			buildActionMask = 2147483647;
			files = (
			);
			runOnlyForDeploymentPostprocessing = 0;
		};
/* End PBXFrameworksBuildPhase section */

/* Begin PBXGroup section */
		3A0F8BB7201B06DD0009D53C = {
			isa = PBXGroup;
			children = (
				3A0F8BC2201B06DE0009D53C /* Luminary */,
				3A0F8BD7201B06DE0009D53C /* LuminaryTests */,
				3A0F8BE2201B06DE0009D53C /* LuminaryUITests */,
				3A0F8BC1201B06DE0009D53C /* Products */,
			);
			sourceTree = "<group>";
		};
		3A0F8BC1201B06DE0009D53C /* Products */ = {
			isa = PBXGroup;
			children = (
				3A0F8BC0201B06DE0009D53C /* Luminary.app */,
				3A0F8BD4201B06DE0009D53C /* LuminaryTests.xctest */,
				3A0F8BDF201B06DE0009D53C /* LuminaryUITests.xctest */,
			);
			name = Products;
			sourceTree = "<group>";
		};
		3A0F8BC2201B06DE0009D53C /* Luminary */ = {
			isa = PBXGroup;
			children = (
				3A1FDEC12026875D0020B33C /* Modal */,
				3A0F8BC3201B06DE0009D53C /* AppDelegate.swift */,
				3A0F8BC5201B06DE0009D53C /* ViewController.swift */,
				3A0F8BC7201B06DE0009D53C /* Main.storyboard */,
				3A0F8BCA201B06DE0009D53C /* Assets.xcassets */,
				3A0F8BCC201B06DE0009D53C /* LaunchScreen.storyboard */,
				3A0F8BCF201B06DE0009D53C /* Info.plist */,
				3A8B7903202038F000C34E6C /* LineCardViewController.swift */,
			);
			path = Luminary;
			sourceTree = "<group>";
		};
		3A0F8BD7201B06DE0009D53C /* LuminaryTests */ = {
			isa = PBXGroup;
			children = (
				3A0F8BD8201B06DE0009D53C /* LuminaryTests.swift */,
				3A0F8BDA201B06DE0009D53C /* Info.plist */,
			);
			path = LuminaryTests;
			sourceTree = "<group>";
		};
		3A0F8BE2201B06DE0009D53C /* LuminaryUITests */ = {
			isa = PBXGroup;
			children = (
				3A0F8BE3201B06DE0009D53C /* LuminaryUITests.swift */,
				3A0F8BE5201B06DE0009D53C /* Info.plist */,
			);
			path = LuminaryUITests;
			sourceTree = "<group>";
		};
		3A1FDEC12026875D0020B33C /* Modal */ = {
			isa = PBXGroup;
			children = (
				3A1FDEC2202687700020B33C /* TableCell.swift */,
			);
			name = Modal;
			sourceTree = "<group>";
		};
/* End PBXGroup section */

/* Begin PBXNativeTarget section */
		3A0F8BBF201B06DE0009D53C /* Luminary */ = {
			isa = PBXNativeTarget;
			buildConfigurationList = 3A0F8BE8201B06DE0009D53C /* Build configuration list for PBXNativeTarget "Luminary" */;
			buildPhases = (
				3A0F8BBC201B06DE0009D53C /* Sources */,
				3A0F8BBD201B06DE0009D53C /* Frameworks */,
				3A0F8BBE201B06DE0009D53C /* Resources */,
			);
			buildRules = (
			);
			dependencies = (
			);
			name = Luminary;
			productName = Luminary;
			productReference = 3A0F8BC0201B06DE0009D53C /* Luminary.app */;
			productType = "com.apple.product-type.application";
		};
		3A0F8BD3201B06DE0009D53C /* LuminaryTests */ = {
			isa = PBXNativeTarget;
			buildConfigurationList = 3A0F8BEB201B06DE0009D53C /* Build configuration list for PBXNativeTarget "LuminaryTests" */;
			buildPhases = (
				3A0F8BD0201B06DE0009D53C /* Sources */,
				3A0F8BD1201B06DE0009D53C /* Frameworks */,
				3A0F8BD2201B06DE0009D53C /* Resources */,
			);
			buildRules = (
			);
			dependencies = (
				3A0F8BD6201B06DE0009D53C /* PBXTargetDependency */,
			);
			name = LuminaryTests;
			productName = LuminaryTests;
			productReference = 3A0F8BD4201B06DE0009D53C /* LuminaryTests.xctest */;
			productType = "com.apple.product-type.bundle.unit-test";
		};
		3A0F8BDE201B06DE0009D53C /* LuminaryUITests */ = {
			isa = PBXNativeTarget;
			buildConfigurationList = 3A0F8BEE201B06DE0009D53C /* Build configuration list for PBXNativeTarget "LuminaryUITests" */;
			buildPhases = (
				3A0F8BDB201B06DE0009D53C /* Sources */,
				3A0F8BDC201B06DE0009D53C /* Frameworks */,
				3A0F8BDD201B06DE0009D53C /* Resources */,
			);
			buildRules = (
			);
			dependencies = (
				3A0F8BE1201B06DE0009D53C /* PBXTargetDependency */,
			);
			name = LuminaryUITests;
			productName = LuminaryUITests;
			productReference = 3A0F8BDF201B06DE0009D53C /* LuminaryUITests.xctest */;
			productType = "com.apple.product-type.bundle.ui-testing";
		};
/* End PBXNativeTarget section */

/* Begin PBXProject section */
		3A0F8BB8201B06DD0009D53C /* Project object */ = {
			isa = PBXProject;
			attributes = {
				LastSwiftUpdateCheck = 0920;
				LastUpgradeCheck = 0920;
				ORGANIZATIONNAME = "Cai, Weiqi";
				TargetAttributes = {
					3A0F8BBF201B06DE0009D53C = {
						CreatedOnToolsVersion = 9.2;
						ProvisioningStyle = Automatic;
					};
					3A0F8BD3201B06DE0009D53C = {
						CreatedOnToolsVersion = 9.2;
						ProvisioningStyle = Automatic;
						TestTargetID = 3A0F8BBF201B06DE0009D53C;
					};
					3A0F8BDE201B06DE0009D53C = {
						CreatedOnToolsVersion = 9.2;
						ProvisioningStyle = Automatic;
						TestTargetID = 3A0F8BBF201B06DE0009D53C;
					};
				};
			};
			buildConfigurationList = 3A0F8BBB201B06DD0009D53C /* Build configuration list for PBXProject "Luminary" */;
			compatibilityVersion = "Xcode 8.0";
			developmentRegion = en;
			hasScannedForEncodings = 0;
			knownRegions = (
				en,
				Base,
			);
			mainGroup = 3A0F8BB7201B06DD0009D53C;
			productRefGroup = 3A0F8BC1201B06DE0009D53C /* Products */;
			projectDirPath = "";
			projectRoot = "";
			targets = (
				3A0F8BBF201B06DE0009D53C /* Luminary */,
				3A0F8BD3201B06DE0009D53C /* LuminaryTests */,
				3A0F8BDE201B06DE0009D53C /* LuminaryUITests */,
			);
		};
/* End PBXProject section */

/* Begin PBXResourcesBuildPhase section */
		3A0F8BBE201B06DE0009D53C /* Resources */ = {
			isa = PBXResourcesBuildPhase;
			buildActionMask = 2147483647;
			files = (
				3A0F8BCE201B06DE0009D53C /* LaunchScreen.storyboard in Resources */,
				3A0F8BCB201B06DE0009D53C /* Assets.xcassets in Resources */,
				3A0F8BC9201B06DE0009D53C /* Main.storyboard in Resources */,
			);
			runOnlyForDeploymentPostprocessing = 0;
		};
		3A0F8BD2201B06DE0009D53C /* Resources */ = {
			isa = PBXResourcesBuildPhase;
			buildActionMask = 2147483647;
			files = (
			);
			runOnlyForDeploymentPostprocessing = 0;
		};
		3A0F8BDD201B06DE0009D53C /* Resources */ = {
			isa = PBXResourcesBuildPhase;
			buildActionMask = 2147483647;
			files = (
			);
			runOnlyForDeploymentPostprocessing = 0;
		};
/* End PBXResourcesBuildPhase section */

/* Begin PBXSourcesBuildPhase section */
		3A0F8BBC201B06DE0009D53C /* Sources */ = {
			isa = PBXSourcesBuildPhase;
			buildActionMask = 2147483647;
			files = (
				3A1FDEC3202687700020B33C /* TableCell.swift in Sources */,
				3A8B7904202038F000C34E6C /* LineCardViewController.swift in Sources */,
				3A0F8BC6201B06DE0009D53C /* ViewController.swift in Sources */,
				3A0F8BC4201B06DE0009D53C /* AppDelegate.swift in Sources */,
			);
			runOnlyForDeploymentPostprocessing = 0;
		};
		3A0F8BD0201B06DE0009D53C /* Sources */ = {
			isa = PBXSourcesBuildPhase;
			buildActionMask = 2147483647;
			files = (
				3A0F8BD9201B06DE0009D53C /* LuminaryTests.swift in Sources */,
			);
			runOnlyForDeploymentPostprocessing = 0;
		};
		3A0F8BDB201B06DE0009D53C /* Sources */ = {
			isa = PBXSourcesBuildPhase;
			buildActionMask = 2147483647;
			files = (
				3A0F8BE4201B06DE0009D53C /* LuminaryUITests.swift in Sources */,
			);
			runOnlyForDeploymentPostprocessing = 0;
		};
/* End PBXSourcesBuildPhase section */

/* Begin PBXTargetDependency section */
		3A0F8BD6201B06DE0009D53C /* PBXTargetDependency */ = {
			isa = PBXTargetDependency;
			target = 3A0F8BBF201B06DE0009D53C /* Luminary */;
			targetProxy = 3A0F8BD5201B06DE0009D53C /* PBXContainerItemProxy */;
		};
		3A0F8BE1201B06DE0009D53C /* PBXTargetDependency */ = {
			isa = PBXTargetDependency;
			target = 3A0F8BBF201B06DE0009D53C /* Luminary */;
			targetProxy = 3A0F8BE0201B06DE0009D53C /* PBXContainerItemProxy */;
		};
/* End PBXTargetDependency section */

/* Begin PBXVariantGroup section */
		3A0F8BC7201B06DE0009D53C /* Main.storyboard */ = {
			isa = PBXVariantGroup;
			children = (
				3A0F8BC8201B06DE0009D53C /* Base */,
			);
			name = Main.storyboard;
			sourceTree = "<group>";
		};
		3A0F8BCC201B06DE0009D53C /* LaunchScreen.storyboard */ = {
			isa = PBXVariantGroup;
			children = (
				3A0F8BCD201B06DE0009D53C /* Base */,
			);
			name = LaunchScreen.storyboard;
			sourceTree = "<group>";
		};
/* End PBXVariantGroup section */

/* Begin XCBuildConfiguration section */
		3A0F8BE6201B06DE0009D53C /* Debug */ = {
			isa = XCBuildConfiguration;
			buildSettings = {
				ALWAYS_SEARCH_USER_PATHS = NO;
				CLANG_ANALYZER_NONNULL = YES;
				CLANG_ANALYZER_NUMBER_OBJECT_CONVERSION = YES_AGGRESSIVE;
				CLANG_CXX_LANGUAGE_STANDARD = "gnu++14";
				CLANG_CXX_LIBRARY = "libc++";
				CLANG_ENABLE_MODULES = YES;
				CLANG_ENABLE_OBJC_ARC = YES;
				CLANG_WARN_BLOCK_CAPTURE_AUTORELEASING = YES;
				CLANG_WARN_BOOL_CONVERSION = YES;
				CLANG_WARN_COMMA = YES;
				CLANG_WARN_CONSTANT_CONVERSION = YES;
				CLANG_WARN_DIRECT_OBJC_ISA_USAGE = YES_ERROR;
				CLANG_WARN_DOCUMENTATION_COMMENTS = YES;
				CLANG_WARN_EMPTY_BODY = YES;
				CLANG_WARN_ENUM_CONVERSION = YES;
				CLANG_WARN_INFINITE_RECURSION = YES;
				CLANG_WARN_INT_CONVERSION = YES;
				CLANG_WARN_NON_LITERAL_NULL_CONVERSION = YES;
				CLANG_WARN_OBJC_LITERAL_CONVERSION = YES;
				CLANG_WARN_OBJC_ROOT_CLASS = YES_ERROR;
				CLANG_WARN_RANGE_LOOP_ANALYSIS = YES;
				CLANG_WARN_STRICT_PROTOTYPES = YES;
				CLANG_WARN_SUSPICIOUS_MOVE = YES;
				CLANG_WARN_UNGUARDED_AVAILABILITY = YES_AGGRESSIVE;
				CLANG_WARN_UNREACHABLE_CODE = YES;
				CLANG_WARN__DUPLICATE_METHOD_MATCH = YES;
				CODE_SIGN_IDENTITY = "iPhone Developer";
				COPY_PHASE_STRIP = NO;
				DEBUG_INFORMATION_FORMAT = dwarf;
				ENABLE_STRICT_OBJC_MSGSEND = YES;
				ENABLE_TESTABILITY = YES;
				GCC_C_LANGUAGE_STANDARD = gnu11;
				GCC_DYNAMIC_NO_PIC = NO;
				GCC_NO_COMMON_BLOCKS = YES;
				GCC_OPTIMIZATION_LEVEL = 0;
				GCC_PREPROCESSOR_DEFINITIONS = (
					"DEBUG=1",
					"$(inherited)",
				);
				GCC_WARN_64_TO_32_BIT_CONVERSION = YES;
				GCC_WARN_ABOUT_RETURN_TYPE = YES_ERROR;
				GCC_WARN_UNDECLARED_SELECTOR = YES;
				GCC_WARN_UNINITIALIZED_AUTOS = YES_AGGRESSIVE;
				GCC_WARN_UNUSED_FUNCTION = YES;
				GCC_WARN_UNUSED_VARIABLE = YES;
				IPHONEOS_DEPLOYMENT_TARGET = 11.2;
				MTL_ENABLE_DEBUG_INFO = YES;
				ONLY_ACTIVE_ARCH = YES;
				SDKROOT = iphoneos;
				SWIFT_ACTIVE_COMPILATION_CONDITIONS = DEBUG;
				SWIFT_OPTIMIZATION_LEVEL = "-Onone";
			};
			name = Debug;
		};
		3A0F8BE7201B06DE0009D53C /* Release */ = {
			isa = XCBuildConfiguration;
			buildSettings = {
				ALWAYS_SEARCH_USER_PATHS = NO;
				CLANG_ANALYZER_NONNULL = YES;
				CLANG_ANALYZER_NUMBER_OBJECT_CONVERSION = YES_AGGRESSIVE;
				CLANG_CXX_LANGUAGE_STANDARD = "gnu++14";
				CLANG_CXX_LIBRARY = "libc++";
				CLANG_ENABLE_MODULES = YES;
				CLANG_ENABLE_OBJC_ARC = YES;
				CLANG_WARN_BLOCK_CAPTURE_AUTORELEASING = YES;
				CLANG_WARN_BOOL_CONVERSION = YES;
				CLANG_WARN_COMMA = YES;
				CLANG_WARN_CONSTANT_CONVERSION = YES;
				CLANG_WARN_DIRECT_OBJC_ISA_USAGE = YES_ERROR;
				CLANG_WARN_DOCUMENTATION_COMMENTS = YES;
				CLANG_WARN_EMPTY_BODY = YES;
				CLANG_WARN_ENUM_CONVERSION = YES;
				CLANG_WARN_INFINITE_RECURSION = YES;
				CLANG_WARN_INT_CONVERSION = YES;
				CLANG_WARN_NON_LITERAL_NULL_CONVERSION = YES;
				CLANG_WARN_OBJC_LITERAL_CONVERSION = YES;
				CLANG_WARN_OBJC_ROOT_CLASS = YES_ERROR;
				CLANG_WARN_RANGE_LOOP_ANALYSIS = YES;
				CLANG_WARN_STRICT_PROTOTYPES = YES;
				CLANG_WARN_SUSPICIOUS_MOVE = YES;
				CLANG_WARN_UNGUARDED_AVAILABILITY = YES_AGGRESSIVE;
				CLANG_WARN_UNREACHABLE_CODE = YES;
				CLANG_WARN__DUPLICATE_METHOD_MATCH = YES;
				CODE_SIGN_IDENTITY = "iPhone Developer";
				COPY_PHASE_STRIP = NO;
				DEBUG_INFORMATION_FORMAT = "dwarf-with-dsym";
				ENABLE_NS_ASSERTIONS = NO;
				ENABLE_STRICT_OBJC_MSGSEND = YES;
				GCC_C_LANGUAGE_STANDARD = gnu11;
				GCC_NO_COMMON_BLOCKS = YES;
				GCC_WARN_64_TO_32_BIT_CONVERSION = YES;
				GCC_WARN_ABOUT_RETURN_TYPE = YES_ERROR;
				GCC_WARN_UNDECLARED_SELECTOR = YES;
				GCC_WARN_UNINITIALIZED_AUTOS = YES_AGGRESSIVE;
				GCC_WARN_UNUSED_FUNCTION = YES;
				GCC_WARN_UNUSED_VARIABLE = YES;
				IPHONEOS_DEPLOYMENT_TARGET = 11.2;
				MTL_ENABLE_DEBUG_INFO = NO;
				SDKROOT = iphoneos;
				SWIFT_OPTIMIZATION_LEVEL = "-Owholemodule";
				VALIDATE_PRODUCT = YES;
			};
			name = Release;
		};
		3A0F8BE9201B06DE0009D53C /* Debug */ = {
			isa = XCBuildConfiguration;
			buildSettings = {
				ASSETCATALOG_COMPILER_APPICON_NAME = AppIcon;
				CODE_SIGN_STYLE = Automatic;
				DEVELOPMENT_TEAM = 27CQ8NNK66;
				INFOPLIST_FILE = Luminary/Info.plist;
				LD_RUNPATH_SEARCH_PATHS = "$(inherited) @executable_path/Frameworks";
				PRODUCT_BUNDLE_IDENTIFIER = com.littlelights.Luminary;
				PRODUCT_NAME = "$(TARGET_NAME)";
				SWIFT_VERSION = 4.0;
				TARGETED_DEVICE_FAMILY = "1,2";
			};
			name = Debug;
		};
		3A0F8BEA201B06DE0009D53C /* Release */ = {
			isa = XCBuildConfiguration;
			buildSettings = {
				ASSETCATALOG_COMPILER_APPICON_NAME = AppIcon;
				CODE_SIGN_STYLE = Automatic;
				DEVELOPMENT_TEAM = 27CQ8NNK66;
				INFOPLIST_FILE = Luminary/Info.plist;
				LD_RUNPATH_SEARCH_PATHS = "$(inherited) @executable_path/Frameworks";
				PRODUCT_BUNDLE_IDENTIFIER = com.littlelights.Luminary;
				PRODUCT_NAME = "$(TARGET_NAME)";
				SWIFT_VERSION = 4.0;
				TARGETED_DEVICE_FAMILY = "1,2";
			};
			name = Release;
		};
		3A0F8BEC201B06DE0009D53C /* Debug */ = {
			isa = XCBuildConfiguration;
			buildSettings = {
				ALWAYS_EMBED_SWIFT_STANDARD_LIBRARIES = YES;
				BUNDLE_LOADER = "$(TEST_HOST)";
				CODE_SIGN_STYLE = Automatic;
				DEVELOPMENT_TEAM = 67663J8PGV;
				INFOPLIST_FILE = LuminaryTests/Info.plist;
				LD_RUNPATH_SEARCH_PATHS = "$(inherited) @executable_path/Frameworks @loader_path/Frameworks";
				PRODUCT_BUNDLE_IDENTIFIER = com.vicai.LuminaryTests;
				PRODUCT_NAME = "$(TARGET_NAME)";
				SWIFT_VERSION = 4.0;
				TARGETED_DEVICE_FAMILY = "1,2";
				TEST_HOST = "$(BUILT_PRODUCTS_DIR)/Luminary.app/Luminary";
			};
			name = Debug;
		};
		3A0F8BED201B06DE0009D53C /* Release */ = {
			isa = XCBuildConfiguration;
			buildSettings = {
				ALWAYS_EMBED_SWIFT_STANDARD_LIBRARIES = YES;
				BUNDLE_LOADER = "$(TEST_HOST)";
				CODE_SIGN_STYLE = Automatic;
				DEVELOPMENT_TEAM = 67663J8PGV;
				INFOPLIST_FILE = LuminaryTests/Info.plist;
				LD_RUNPATH_SEARCH_PATHS = "$(inherited) @executable_path/Frameworks @loader_path/Frameworks";
				PRODUCT_BUNDLE_IDENTIFIER = com.vicai.LuminaryTests;
				PRODUCT_NAME = "$(TARGET_NAME)";
				SWIFT_VERSION = 4.0;
				TARGETED_DEVICE_FAMILY = "1,2";
				TEST_HOST = "$(BUILT_PRODUCTS_DIR)/Luminary.app/Luminary";
			};
			name = Release;
		};
		3A0F8BEF201B06DE0009D53C /* Debug */ = {
			isa = XCBuildConfiguration;
			buildSettings = {
				ALWAYS_EMBED_SWIFT_STANDARD_LIBRARIES = YES;
				CODE_SIGN_STYLE = Automatic;
				DEVELOPMENT_TEAM = 67663J8PGV;
				INFOPLIST_FILE = LuminaryUITests/Info.plist;
				LD_RUNPATH_SEARCH_PATHS = "$(inherited) @executable_path/Frameworks @loader_path/Frameworks";
				PRODUCT_BUNDLE_IDENTIFIER = com.vicai.LuminaryUITests;
				PRODUCT_NAME = "$(TARGET_NAME)";
				SWIFT_VERSION = 4.0;
				TARGETED_DEVICE_FAMILY = "1,2";
				TEST_TARGET_NAME = Luminary;
			};
			name = Debug;
		};
		3A0F8BF0201B06DE0009D53C /* Release */ = {
			isa = XCBuildConfiguration;
			buildSettings = {
				ALWAYS_EMBED_SWIFT_STANDARD_LIBRARIES = YES;
				CODE_SIGN_STYLE = Automatic;
				DEVELOPMENT_TEAM = 67663J8PGV;
				INFOPLIST_FILE = LuminaryUITests/Info.plist;
				LD_RUNPATH_SEARCH_PATHS = "$(inherited) @executable_path/Frameworks @loader_path/Frameworks";
				PRODUCT_BUNDLE_IDENTIFIER = com.vicai.LuminaryUITests;
				PRODUCT_NAME = "$(TARGET_NAME)";
				SWIFT_VERSION = 4.0;
				TARGETED_DEVICE_FAMILY = "1,2";
				TEST_TARGET_NAME = Luminary;
			};
			name = Release;
		};
/* End XCBuildConfiguration section */

/* Begin XCConfigurationList section */
		3A0F8BBB201B06DD0009D53C /* Build configuration list for PBXProject "Luminary" */ = {
			isa = XCConfigurationList;
			buildConfigurations = (
				3A0F8BE6201B06DE0009D53C /* Debug */,
				3A0F8BE7201B06DE0009D53C /* Release */,
			);
			defaultConfigurationIsVisible = 0;
			defaultConfigurationName = Release;
		};
		3A0F8BE8201B06DE0009D53C /* Build configuration list for PBXNativeTarget "Luminary" */ = {
			isa = XCConfigurationList;
			buildConfigurations = (
				3A0F8BE9201B06DE0009D53C /* Debug */,
				3A0F8BEA201B06DE0009D53C /* Release */,
			);
			defaultConfigurationIsVisible = 0;
			defaultConfigurationName = Release;
		};
		3A0F8BEB201B06DE0009D53C /* Build configuration list for PBXNativeTarget "LuminaryTests" */ = {
			isa = XCConfigurationList;
			buildConfigurations = (
				3A0F8BEC201B06DE0009D53C /* Debug */,
				3A0F8BED201B06DE0009D53C /* Release */,
			);
			defaultConfigurationIsVisible = 0;
			defaultConfigurationName = Release;
		};
		3A0F8BEE201B06DE0009D53C /* Build configuration list for PBXNativeTarget "LuminaryUITests" */ = {
			isa = XCConfigurationList;
			buildConfigurations = (
				3A0F8BEF201B06DE0009D53C /* Debug */,
				3A0F8BF0201B06DE0009D53C /* Release */,
			);
			defaultConfigurationIsVisible = 0;
			defaultConfigurationName = Release;
		};
/* End XCConfigurationList section */
	};
	rootObject = 3A0F8BB8201B06DD0009D53C /* Project object */;
}
